{
  "name": "install-sizes",
  "version": "1.0.0",
  "lockfileVersion": 3,
  "requires": true,
  "packages": {
    "": {
      "name": "install-sizes",
      "version": "1.0.0",
      "license": "ISC",
      "dependencies": {
        "wysiwyv": "^0.1.7"
      }
    },
    "node_modules/wysiwyv": {
      "version": "0.1.7",
      "resolved": "https://registry.npmjs.org/wysiwyv/-/wysiwyv-0.1.7.tgz",
      "integrity": "sha512-xmt32OVi5/SsYO2CDuy5rs2zy7CoUSIyW/yP6zMXp4AClmTdrAZYFrjWrGvtGMawXftB6PfkUwMX8y+uPMP5MQ==",
      "peerDependencies": {
        "typescript": "^5"
      },
      "peerDependenciesMeta": {
        "typescript": {
          "optional": true
        }
      }
    }
  }
}
