{
  "name": "npm-full",
  "version": "1.0.0",
  "lockfileVersion": 3,
  "requires": true,
  "packages": {
    "": {
      "name": "npm-full",
      "version": "1.0.0",
      "license": "ISC",
      "dependencies": {
        "wysiwyv": "^0.1.5"
      }
    },
    "node_modules/wysiwyv": {
      "version": "0.1.5",
      "resolved": "https://registry.npmjs.org/wysiwyv/-/wysiwyv-0.1.5.tgz",
      "integrity": "sha512-T7bpTdXPv4LWn6SX7Yli5l/R+LDbg8iHXY9vbcitjooieuzDe3AiKumHOxXwTR9R1DFuixR2hs2Wpnmv4s1kCA==",
      "peerDependencies": {
        "typescript": "^5"
      },
      "peerDependenciesMeta": {
        "typescript": {
          "optional": true
        }
      }
    }
  }
}
